
Microsoft Visual Studio Solution File, Format Version 12.00
# Visual Studio Version 16
VisualStudioVersion = 16.0.31205.134
MinimumVisualStudioVersion = 10.0.40219.1
Project("{FAE04EC0-301F-11D3-BF4B-00C04F79EFBC}") = "MeiPassword", "MeiPassword\MeiPassword.csproj", "{7FA56919-40FC-4701-87BD-10E6E1EDAB1C}"
EndProject
Global
	GlobalSection(SolutionConfigurationPlatforms) = preSolution
		Debug|Any CPU = Debug|Any CPU
		Release|Any CPU = Release|Any CPU
	EndGlobalSection
	GlobalSection(ProjectConfigurationPlatforms) = postSolution
		{7FA56919-40FC-4701-87BD-10E6E1EDAB1C}.Debug|Any CPU.ActiveCfg = Debug|Any CPU
		{7FA56919-40FC-4701-87BD-10E6E1EDAB1C}.Debug|Any CPU.Build.0 = Debug|Any CPU
		{7FA56919-40FC-4701-87BD-10E6E1EDAB1C}.Release|Any CPU.ActiveCfg = Release|Any CPU
		{7FA56919-40FC-4701-87BD-10E6E1EDAB1C}.Release|Any CPU.Build.0 = Release|Any CPU
	EndGlobalSection
	GlobalSection(SolutionProperties) = preSolution
		HideSolutionNode = FALSE
	EndGlobalSection
	GlobalSection(ExtensibilityGlobals) = postSolution
		SolutionGuid = {FD934B57-4B89-4E80-9300-988F2136AD5C}
	EndGlobalSection
EndGlobal
